// !$*UTF8*$!
{
	archiveVersion = 1;
	classes = {
	};
	objectVersion = 56;
	objects = {

/* Begin PBXBuildFile section */
		91CCF6DB2C194F990089109C /* AppDelegate.swift in Sources */ = {isa = PBXBuildFile; fileRef = 91CCF6DA2C194F990089109C /* AppDelegate.swift */; };
		91CCF6DD2C194F990089109C /* SceneDelegate.swift in Sources */ = {isa = PBXBuildFile; fileRef = 91CCF6DC2C194F990089109C /* SceneDelegate.swift */; };
		91CCF6DF2C194F990089109C /* ViewController.swift in Sources */ = {isa = PBXBuildFile; fileRef = 91CCF6DE2C194F990089109C /* ViewController.swift */; };
		91CCF6E22C194F990089109C /* Main.storyboard in Resources */ = {isa = PBXBuildFile; fileRef = 91CCF6E02C194F990089109C /* Main.storyboard */; };
		91CCF6E42C194F9A0089109C /* Assets.xcassets in Resources */ = {isa = PBXBuildFile; fileRef = 91CCF6E32C194F9A0089109C /* Assets.xcassets */; };
		91CCF6E72C194F9A0089109C /* LaunchScreen.storyboard in Resources */ = {isa = PBXBuildFile; fileRef = 91CCF6E52C194F9A0089109C /* LaunchScreen.storyboard */; };
		91CCF6F12C1951190089109C /* LoginViewModel.swift in Sources */ = {isa = PBXBuildFile; fileRef = 91CCF6F02C1951190089109C /* LoginViewModel.swift */; };
		91CCF6F32C1951340089109C /* UserModel.swift in Sources */ = {isa = PBXBuildFile; fileRef = 91CCF6F22C1951340089109C /* UserModel.swift */; };
		91CCF6FF2C1957B70089109C /* Alamofire in Frameworks */ = {isa = PBXBuildFile; productRef = 91CCF6FE2C1957B70089109C /* Alamofire */; };
		91CCF7012C1957B70089109C /* AlamofireDynamic in Frameworks */ = {isa = PBXBuildFile; productRef = 91CCF7002C1957B70089109C /* AlamofireDynamic */; };
/* End PBXBuildFile section */

/* Begin PBXFileReference section */
		91CCF6D72C194F990089109C /* BullionTest.app */ = {isa = PBXFileReference; explicitFileType = wrapper.application; includeInIndex = 0; path = BullionTest.app; sourceTree = BUILT_PRODUCTS_DIR; };
		91CCF6DA2C194F990089109C /* AppDelegate.swift */ = {isa = PBXFileReference; lastKnownFileType = sourcecode.swift; path = AppDelegate.swift; sourceTree = "<group>"; };
		91CCF6DC2C194F990089109C /* SceneDelegate.swift */ = {isa = PBXFileReference; lastKnownFileType = sourcecode.swift; path = SceneDelegate.swift; sourceTree = "<group>"; };
		91CCF6DE2C194F990089109C /* ViewController.swift */ = {isa = PBXFileReference; lastKnownFileType = sourcecode.swift; path = ViewController.swift; sourceTree = "<group>"; };
		91CCF6E12C194F990089109C /* Base */ = {isa = PBXFileReference; lastKnownFileType = file.storyboard; name = Base; path = Base.lproj/Main.storyboard; sourceTree = "<group>"; };
		91CCF6E32C194F9A0089109C /* Assets.xcassets */ = {isa = PBXFileReference; lastKnownFileType = folder.assetcatalog; path = Assets.xcassets; sourceTree = "<group>"; };
		91CCF6E62C194F9A0089109C /* Base */ = {isa = PBXFileReference; lastKnownFileType = file.storyboard; name = Base; path = Base.lproj/LaunchScreen.storyboard; sourceTree = "<group>"; };
		91CCF6E82C194F9A0089109C /* Info.plist */ = {isa = PBXFileReference; lastKnownFileType = text.plist.xml; path = Info.plist; sourceTree = "<group>"; };
		91CCF6F02C1951190089109C /* LoginViewModel.swift */ = {isa = PBXFileReference; lastKnownFileType = sourcecode.swift; path = LoginViewModel.swift; sourceTree = "<group>"; };
		91CCF6F22C1951340089109C /* UserModel.swift */ = {isa = PBXFileReference; lastKnownFileType = sourcecode.swift; path = UserModel.swift; sourceTree = "<group>"; };
/* End PBXFileReference section */

/* Begin PBXFrameworksBuildPhase section */
		91CCF6D42C194F990089109C /* Frameworks */ = {
			isa = PBXFrameworksBuildPhase;
			buildActionMask = 2147483647;
			files = (
				91CCF6FF2C1957B70089109C /* Alamofire in Frameworks */,
				91CCF7012C1957B70089109C /* AlamofireDynamic in Frameworks */,
			);
			runOnlyForDeploymentPostprocessing = 0;
		};
/* End PBXFrameworksBuildPhase section */

/* Begin PBXGroup section */
		91CCF6CE2C194F990089109C = {
			isa = PBXGroup;
			children = (
				91CCF6D92C194F990089109C /* BullionTest */,
				91CCF6D82C194F990089109C /* Products */,
			);
			sourceTree = "<group>";
		};
		91CCF6D82C194F990089109C /* Products */ = {
			isa = PBXGroup;
			children = (
				91CCF6D72C194F990089109C /* BullionTest.app */,
			);
			name = Products;
			sourceTree = "<group>";
		};
		91CCF6D92C194F990089109C /* BullionTest */ = {
			isa = PBXGroup;
			children = (
				91CCF6F92C1956AA0089109C /* App */,
				91CCF6F62C1956720089109C /* Model */,
				91CCF6FA2C1956B50089109C /* Modules */,
				91CCF6E32C194F9A0089109C /* Assets.xcassets */,
				91CCF6E52C194F9A0089109C /* LaunchScreen.storyboard */,
				91CCF6E82C194F9A0089109C /* Info.plist */,
			);
			path = BullionTest;
			sourceTree = "<group>";
		};
		91CCF6F62C1956720089109C /* Model */ = {
			isa = PBXGroup;
			children = (
				91CCF6F22C1951340089109C /* UserModel.swift */,
			);
			path = Model;
			sourceTree = "<group>";
		};
		91CCF6F92C1956AA0089109C /* App */ = {
			isa = PBXGroup;
			children = (
				91CCF6DA2C194F990089109C /* AppDelegate.swift */,
				91CCF6DC2C194F990089109C /* SceneDelegate.swift */,
			);
			path = App;
			sourceTree = "<group>";
		};
		91CCF6FA2C1956B50089109C /* Modules */ = {
			isa = PBXGroup;
			children = (
				91CCF6FB2C1956C20089109C /* Login */,
				91CCF6FC2C1956CC0089109C /* Register */,
			);
			path = Modules;
			sourceTree = "<group>";
		};
		91CCF6FB2C1956C20089109C /* Login */ = {
			isa = PBXGroup;
			children = (
				91CCF6E02C194F990089109C /* Main.storyboard */,
				91CCF6F02C1951190089109C /* LoginViewModel.swift */,
				91CCF6DE2C194F990089109C /* ViewController.swift */,
			);
			path = Login;
			sourceTree = "<group>";
		};
		91CCF6FC2C1956CC0089109C /* Register */ = {
			isa = PBXGroup;
			children = (
			);
			path = Register;
			sourceTree = "<group>";
		};
/* End PBXGroup section */

/* Begin PBXNativeTarget section */
		91CCF6D62C194F990089109C /* BullionTest */ = {
			isa = PBXNativeTarget;
			buildConfigurationList = 91CCF6EB2C194F9A0089109C /* Build configuration list for PBXNativeTarget "BullionTest" */;
			buildPhases = (
				91CCF6D32C194F990089109C /* Sources */,
				91CCF6D42C194F990089109C /* Frameworks */,
				91CCF6D52C194F990089109C /* Resources */,
			);
			buildRules = (
			);
			dependencies = (
			);
			name = BullionTest;
			packageProductDependencies = (
				91CCF6FE2C1957B70089109C /* Alamofire */,
				91CCF7002C1957B70089109C /* AlamofireDynamic */,
			);
			productName = BullionTest;
			productReference = 91CCF6D72C194F990089109C /* BullionTest.app */;
			productType = "com.apple.product-type.application";
		};
/* End PBXNativeTarget section */

/* Begin PBXProject section */
		91CCF6CF2C194F990089109C /* Project object */ = {
			isa = PBXProject;
			attributes = {
				BuildIndependentTargetsInParallel = 1;
				LastSwiftUpdateCheck = 1520;
				LastUpgradeCheck = 1520;
				TargetAttributes = {
					91CCF6D62C194F990089109C = {
						CreatedOnToolsVersion = 15.2;
					};
				};
			};
			buildConfigurationList = 91CCF6D22C194F990089109C /* Build configuration list for PBXProject "BullionTest" */;
			compatibilityVersion = "Xcode 14.0";
			developmentRegion = en;
			hasScannedForEncodings = 0;
			knownRegions = (
				en,
				Base,
			);
			mainGroup = 91CCF6CE2C194F990089109C;
			packageReferences = (
				91CCF6FD2C1957B70089109C /* XCRemoteSwiftPackageReference "Alamofire" */,
			);
			productRefGroup = 91CCF6D82C194F990089109C /* Products */;
			projectDirPath = "";
			projectRoot = "";
			targets = (
				91CCF6D62C194F990089109C /* BullionTest */,
			);
		};
/* End PBXProject section */

/* Begin PBXResourcesBuildPhase section */
		91CCF6D52C194F990089109C /* Resources */ = {
			isa = PBXResourcesBuildPhase;
			buildActionMask = 2147483647;
			files = (
				91CCF6E72C194F9A0089109C /* LaunchScreen.storyboard in Resources */,
				91CCF6E42C194F9A0089109C /* Assets.xcassets in Resources */,
				91CCF6E22C194F990089109C /* Main.storyboard in Resources */,
			);
			runOnlyForDeploymentPostprocessing = 0;
		};
/* End PBXResourcesBuildPhase section */

/* Begin PBXSourcesBuildPhase section */
		91CCF6D32C194F990089109C /* Sources */ = {
			isa = PBXSourcesBuildPhase;
			buildActionMask = 2147483647;
			files = (
				91CCF6DF2C194F990089109C /* ViewController.swift in Sources */,
				91CCF6DB2C194F990089109C /* AppDelegate.swift in Sources */,
				91CCF6DD2C194F990089109C /* SceneDelegate.swift in Sources */,
				91CCF6F32C1951340089109C /* UserModel.swift in Sources */,
				91CCF6F12C1951190089109C /* LoginViewModel.swift in Sources */,
			);
			runOnlyForDeploymentPostprocessing = 0;
		};
/* End PBXSourcesBuildPhase section */

/* Begin PBXVariantGroup section */
		91CCF6E02C194F990089109C /* Main.storyboard */ = {
			isa = PBXVariantGroup;
			children = (
				91CCF6E12C194F990089109C /* Base */,
			);
			name = Main.storyboard;
			sourceTree = "<group>";
		};
		91CCF6E52C194F9A0089109C /* LaunchScreen.storyboard */ = {
			isa = PBXVariantGroup;
			children = (
				91CCF6E62C194F9A0089109C /* Base */,
			);
			name = LaunchScreen.storyboard;
			sourceTree = "<group>";
		};
/* End PBXVariantGroup section */

/* Begin XCBuildConfiguration section */
		91CCF6E92C194F9A0089109C /* Debug */ = {
			isa = XCBuildConfiguration;
			buildSettings = {
				ALWAYS_SEARCH_USER_PATHS = NO;
				ASSETCATALOG_COMPILER_GENERATE_SWIFT_ASSET_SYMBOL_EXTENSIONS = YES;
				CLANG_ANALYZER_NONNULL = YES;
				CLANG_ANALYZER_NUMBER_OBJECT_CONVERSION = YES_AGGRESSIVE;
				CLANG_CXX_LANGUAGE_STANDARD = "gnu++20";
				CLANG_ENABLE_MODULES = YES;
				CLANG_ENABLE_OBJC_ARC = YES;
				CLANG_ENABLE_OBJC_WEAK = YES;
				CLANG_WARN_BLOCK_CAPTURE_AUTORELEASING = YES;
				CLANG_WARN_BOOL_CONVERSION = YES;
				CLANG_WARN_COMMA = YES;
				CLANG_WARN_CONSTANT_CONVERSION = YES;
				CLANG_WARN_DEPRECATED_OBJC_IMPLEMENTATIONS = YES;
				CLANG_WARN_DIRECT_OBJC_ISA_USAGE = YES_ERROR;
				CLANG_WARN_DOCUMENTATION_COMMENTS = YES;
				CLANG_WARN_EMPTY_BODY = YES;
				CLANG_WARN_ENUM_CONVERSION = YES;
				CLANG_WARN_INFINITE_RECURSION = YES;
				CLANG_WARN_INT_CONVERSION = YES;
				CLANG_WARN_NON_LITERAL_NULL_CONVERSION = YES;
				CLANG_WARN_OBJC_IMPLICIT_RETAIN_SELF = YES;
				CLANG_WARN_OBJC_LITERAL_CONVERSION = YES;
				CLANG_WARN_OBJC_ROOT_CLASS = YES_ERROR;
				CLANG_WARN_QUOTED_INCLUDE_IN_FRAMEWORK_HEADER = YES;
				CLANG_WARN_RANGE_LOOP_ANALYSIS = YES;
				CLANG_WARN_STRICT_PROTOTYPES = YES;
				CLANG_WARN_SUSPICIOUS_MOVE = YES;
				CLANG_WARN_UNGUARDED_AVAILABILITY = YES_AGGRESSIVE;
				CLANG_WARN_UNREACHABLE_CODE = YES;
				CLANG_WARN__DUPLICATE_METHOD_MATCH = YES;
				COPY_PHASE_STRIP = NO;
				DEBUG_INFORMATION_FORMAT = dwarf;
				ENABLE_STRICT_OBJC_MSGSEND = YES;
				ENABLE_TESTABILITY = YES;
				ENABLE_USER_SCRIPT_SANDBOXING = YES;
				GCC_C_LANGUAGE_STANDARD = gnu17;
				GCC_DYNAMIC_NO_PIC = NO;
				GCC_NO_COMMON_BLOCKS = YES;
				GCC_OPTIMIZATION_LEVEL = 0;
				GCC_PREPROCESSOR_DEFINITIONS = (
					"DEBUG=1",
					"$(inherited)",
				);
				GCC_WARN_64_TO_32_BIT_CONVERSION = YES;
				GCC_WARN_ABOUT_RETURN_TYPE = YES_ERROR;
				GCC_WARN_UNDECLARED_SELECTOR = YES;
				GCC_WARN_UNINITIALIZED_AUTOS = YES_AGGRESSIVE;
				GCC_WARN_UNUSED_FUNCTION = YES;
				GCC_WARN_UNUSED_VARIABLE = YES;
				IPHONEOS_DEPLOYMENT_TARGET = 17.2;
				LOCALIZATION_PREFERS_STRING_CATALOGS = YES;
				MTL_ENABLE_DEBUG_INFO = INCLUDE_SOURCE;
				MTL_FAST_MATH = YES;
				ONLY_ACTIVE_ARCH = YES;
				SDKROOT = iphoneos;
				SWIFT_ACTIVE_COMPILATION_CONDITIONS = "DEBUG $(inherited)";
				SWIFT_OPTIMIZATION_LEVEL = "-Onone";
			};
			name = Debug;
		};
		91CCF6EA2C194F9A0089109C /* Release */ = {
			isa = XCBuildConfiguration;
			buildSettings = {
				ALWAYS_SEARCH_USER_PATHS = NO;
				ASSETCATALOG_COMPILER_GENERATE_SWIFT_ASSET_SYMBOL_EXTENSIONS = YES;
				CLANG_ANALYZER_NONNULL = YES;
				CLANG_ANALYZER_NUMBER_OBJECT_CONVERSION = YES_AGGRESSIVE;
				CLANG_CXX_LANGUAGE_STANDARD = "gnu++20";
				CLANG_ENABLE_MODULES = YES;
				CLANG_ENABLE_OBJC_ARC = YES;
				CLANG_ENABLE_OBJC_WEAK = YES;
				CLANG_WARN_BLOCK_CAPTURE_AUTORELEASING = YES;
				CLANG_WARN_BOOL_CONVERSION = YES;
				CLANG_WARN_COMMA = YES;
				CLANG_WARN_CONSTANT_CONVERSION = YES;
				CLANG_WARN_DEPRECATED_OBJC_IMPLEMENTATIONS = YES;
				CLANG_WARN_DIRECT_OBJC_ISA_USAGE = YES_ERROR;
				CLANG_WARN_DOCUMENTATION_COMMENTS = YES;
				CLANG_WARN_EMPTY_BODY = YES;
				CLANG_WARN_ENUM_CONVERSION = YES;
				CLANG_WARN_INFINITE_RECURSION = YES;
				CLANG_WARN_INT_CONVERSION = YES;
				CLANG_WARN_NON_LITERAL_NULL_CONVERSION = YES;
				CLANG_WARN_OBJC_IMPLICIT_RETAIN_SELF = YES;
				CLANG_WARN_OBJC_LITERAL_CONVERSION = YES;
				CLANG_WARN_OBJC_ROOT_CLASS = YES_ERROR;
				CLANG_WARN_QUOTED_INCLUDE_IN_FRAMEWORK_HEADER = YES;
				CLANG_WARN_RANGE_LOOP_ANALYSIS = YES;
				CLANG_WARN_STRICT_PROTOTYPES = YES;
				CLANG_WARN_SUSPICIOUS_MOVE = YES;
				CLANG_WARN_UNGUARDED_AVAILABILITY = YES_AGGRESSIVE;
				CLANG_WARN_UNREACHABLE_CODE = YES;
				CLANG_WARN__DUPLICATE_METHOD_MATCH = YES;
				COPY_PHASE_STRIP = NO;
				DEBUG_INFORMATION_FORMAT = "dwarf-with-dsym";
				ENABLE_NS_ASSERTIONS = NO;
				ENABLE_STRICT_OBJC_MSGSEND = YES;
				ENABLE_USER_SCRIPT_SANDBOXING = YES;
				GCC_C_LANGUAGE_STANDARD = gnu17;
				GCC_NO_COMMON_BLOCKS = YES;
				GCC_WARN_64_TO_32_BIT_CONVERSION = YES;
				GCC_WARN_ABOUT_RETURN_TYPE = YES_ERROR;
				GCC_WARN_UNDECLARED_SELECTOR = YES;
				GCC_WARN_UNINITIALIZED_AUTOS = YES_AGGRESSIVE;
				GCC_WARN_UNUSED_FUNCTION = YES;
				GCC_WARN_UNUSED_VARIABLE = YES;
				IPHONEOS_DEPLOYMENT_TARGET = 17.2;
				LOCALIZATION_PREFERS_STRING_CATALOGS = YES;
				MTL_ENABLE_DEBUG_INFO = NO;
				MTL_FAST_MATH = YES;
				SDKROOT = iphoneos;
				SWIFT_COMPILATION_MODE = wholemodule;
				VALIDATE_PRODUCT = YES;
			};
			name = Release;
		};
		91CCF6EC2C194F9A0089109C /* Debug */ = {
			isa = XCBuildConfiguration;
			buildSettings = {
				ASSETCATALOG_COMPILER_APPICON_NAME = AppIcon;
				ASSETCATALOG_COMPILER_GLOBAL_ACCENT_COLOR_NAME = AccentColor;
				CODE_SIGN_STYLE = Automatic;
				CURRENT_PROJECT_VERSION = 1;
				DEVELOPMENT_TEAM = ZN33ZJFC65;
				GENERATE_INFOPLIST_FILE = YES;
				INFOPLIST_FILE = BullionTest/Info.plist;
				INFOPLIST_KEY_UIApplicationSupportsIndirectInputEvents = YES;
				INFOPLIST_KEY_UILaunchStoryboardName = LaunchScreen;
				INFOPLIST_KEY_UIMainStoryboardFile = Main;
				INFOPLIST_KEY_UISupportedInterfaceOrientations_iPad = "UIInterfaceOrientationPortrait UIInterfaceOrientationPortraitUpsideDown UIInterfaceOrientationLandscapeLeft UIInterfaceOrientationLandscapeRight";
				INFOPLIST_KEY_UISupportedInterfaceOrientations_iPhone = "UIInterfaceOrientationPortrait UIInterfaceOrientationLandscapeLeft UIInterfaceOrientationLandscapeRight";
				LD_RUNPATH_SEARCH_PATHS = (
					"$(inherited)",
					"@executable_path/Frameworks",
				);
				MARKETING_VERSION = 1.0;
				PRODUCT_BUNDLE_IDENTIFIER = nae.BullionTest;
				PRODUCT_NAME = "$(TARGET_NAME)";
				SWIFT_EMIT_LOC_STRINGS = YES;
				SWIFT_VERSION = 5.0;
				TARGETED_DEVICE_FAMILY = "1,2";
			};
			name = Debug;
		};
		91CCF6ED2C194F9A0089109C /* Release */ = {
			isa = XCBuildConfiguration;
			buildSettings = {
				ASSETCATALOG_COMPILER_APPICON_NAME = AppIcon;
				ASSETCATALOG_COMPILER_GLOBAL_ACCENT_COLOR_NAME = AccentColor;
				CODE_SIGN_STYLE = Automatic;
				CURRENT_PROJECT_VERSION = 1;
				DEVELOPMENT_TEAM = ZN33ZJFC65;
				GENERATE_INFOPLIST_FILE = YES;
				INFOPLIST_FILE = BullionTest/Info.plist;
				INFOPLIST_KEY_UIApplicationSupportsIndirectInputEvents = YES;
				INFOPLIST_KEY_UILaunchStoryboardName = LaunchScreen;
				INFOPLIST_KEY_UIMainStoryboardFile = Main;
				INFOPLIST_KEY_UISupportedInterfaceOrientations_iPad = "UIInterfaceOrientationPortrait UIInterfaceOrientationPortraitUpsideDown UIInterfaceOrientationLandscapeLeft UIInterfaceOrientationLandscapeRight";
				INFOPLIST_KEY_UISupportedInterfaceOrientations_iPhone = "UIInterfaceOrientationPortrait UIInterfaceOrientationLandscapeLeft UIInterfaceOrientationLandscapeRight";
				LD_RUNPATH_SEARCH_PATHS = (
					"$(inherited)",
					"@executable_path/Frameworks",
				);
				MARKETING_VERSION = 1.0;
				PRODUCT_BUNDLE_IDENTIFIER = nae.BullionTest;
				PRODUCT_NAME = "$(TARGET_NAME)";
				SWIFT_EMIT_LOC_STRINGS = YES;
				SWIFT_VERSION = 5.0;
				TARGETED_DEVICE_FAMILY = "1,2";
			};
			name = Release;
		};
/* End XCBuildConfiguration section */

/* Begin XCConfigurationList section */
		91CCF6D22C194F990089109C /* Build configuration list for PBXProject "BullionTest" */ = {
			isa = XCConfigurationList;
			buildConfigurations = (
				91CCF6E92C194F9A0089109C /* Debug */,
				91CCF6EA2C194F9A0089109C /* Release */,
			);
			defaultConfigurationIsVisible = 0;
			defaultConfigurationName = Release;
		};
		91CCF6EB2C194F9A0089109C /* Build configuration list for PBXNativeTarget "BullionTest" */ = {
			isa = XCConfigurationList;
			buildConfigurations = (
				91CCF6EC2C194F9A0089109C /* Debug */,
				91CCF6ED2C194F9A0089109C /* Release */,
			);
			defaultConfigurationIsVisible = 0;
			defaultConfigurationName = Release;
		};
/* End XCConfigurationList section */

/* Begin XCRemoteSwiftPackageReference section */
		91CCF6FD2C1957B70089109C /* XCRemoteSwiftPackageReference "Alamofire" */ = {
			isa = XCRemoteSwiftPackageReference;
			repositoryURL = "https://github.com/Alamofire/Alamofire.git";
			requirement = {
				kind = upToNextMajorVersion;
				minimumVersion = 5.9.1;
			};
		};
/* End XCRemoteSwiftPackageReference section */

/* Begin XCSwiftPackageProductDependency section */
		91CCF6FE2C1957B70089109C /* Alamofire */ = {
			isa = XCSwiftPackageProductDependency;
			package = 91CCF6FD2C1957B70089109C /* XCRemoteSwiftPackageReference "Alamofire" */;
			productName = Alamofire;
		};
		91CCF7002C1957B70089109C /* AlamofireDynamic */ = {
			isa = XCSwiftPackageProductDependency;
			package = 91CCF6FD2C1957B70089109C /* XCRemoteSwiftPackageReference "Alamofire" */;
			productName = AlamofireDynamic;
		};
/* End XCSwiftPackageProductDependency section */
	};
	rootObject = 91CCF6CF2C194F990089109C /* Project object */;
}
